
Microsoft Visual Studio Solution File, Format Version 12.00
# Visual Studio Version 17
VisualStudioVersion = 17.9.34622.214
MinimumVisualStudioVersion = 10.0.40219.1
Project("{FAE04EC0-301F-11D3-BF4B-00C04F79EFBC}") = "ReflectionPropertyFactory", "ReflectionPropertyFactory.csproj", "{DE04AE13-C0C9-48C5-86FD-E6784F57CDB0}"
EndProject
Project("{FAE04EC0-301F-11D3-BF4B-00C04F79EFBC}") = "Test.ReflectionPropertyFactory", "..\Test.ReflectionPropertyFactory\Test.ReflectionPropertyFactory.csproj", "{78817569-04A3-4C61-837A-A93E4DFB19A6}"
EndProject
Global
	GlobalSection(SolutionConfigurationPlatforms) = preSolution
		Debug|Any CPU = Debug|Any CPU
		Release|Any CPU = Release|Any CPU
	EndGlobalSection
	GlobalSection(ProjectConfigurationPlatforms) = postSolution
		{DE04AE13-C0C9-48C5-86FD-E6784F57CDB0}.Debug|Any CPU.ActiveCfg = Debug|Any CPU
		{DE04AE13-C0C9-48C5-86FD-E6784F57CDB0}.Debug|Any CPU.Build.0 = Debug|Any CPU
		{DE04AE13-C0C9-48C5-86FD-E6784F57CDB0}.Release|Any CPU.ActiveCfg = Release|Any CPU
		{DE04AE13-C0C9-48C5-86FD-E6784F57CDB0}.Release|Any CPU.Build.0 = Release|Any CPU
		{78817569-04A3-4C61-837A-A93E4DFB19A6}.Debug|Any CPU.ActiveCfg = Debug|Any CPU
		{78817569-04A3-4C61-837A-A93E4DFB19A6}.Debug|Any CPU.Build.0 = Debug|Any CPU
		{78817569-04A3-4C61-837A-A93E4DFB19A6}.Release|Any CPU.ActiveCfg = Release|Any CPU
		{78817569-04A3-4C61-837A-A93E4DFB19A6}.Release|Any CPU.Build.0 = Release|Any CPU
	EndGlobalSection
	GlobalSection(SolutionProperties) = preSolution
		HideSolutionNode = FALSE
	EndGlobalSection
	GlobalSection(ExtensibilityGlobals) = postSolution
		SolutionGuid = {8B07BF33-93FB-4C0C-9806-16BF252DA327}
	EndGlobalSection
EndGlobal
